# THIS IS AN AUTOGENERATED FILE. DO NOT EDIT THIS FILE DIRECTLY.
# yarn lockfile v1


iso-countries-languages@^0.3.0:
  version "0.3.0"
  resolved "https://registry.yarnpkg.com/iso-countries-languages/-/iso-countries-languages-0.3.0.tgz#c5f5325fa23e831753e6d9dca18f3ae9519f284c"
  integrity sha512-DFiVhxSc9yJtk1FgBF07kafc7Np8otbDgjDsmM5xcljn8evda6izPmTrhE8b09+uoPGm/IEF1t4E/gHm03yAjw==

langs@^2.0.0:
  version "2.0.0"
  resolved "https://registry.yarnpkg.com/langs/-/langs-2.0.0.tgz#00c32ce48152a49a614450b9ba2632ab58a0a364"
  integrity sha1-AMMs5IFSpJphRFC5uiYyq1igo2Q=

uuid@^3.3.2:
  version "3.3.2"
  resolved "https://registry.yarnpkg.com/uuid/-/uuid-3.3.2.tgz#1b4af4955eb3077c501c23872fc6513811587131"
  integrity sha512-yXJmeNaw3DnnKAOKJE51sL/ZaYfWJRl1pK9dr19YFCu0ObS231AB1/LbqTKRAQ5kw8A90rA6fr4riOUpTZvQZA==
